
Microsoft Visual Studio Solution File, Format Version 12.00
# Visual Studio Version 16
VisualStudioVersion = 16.0.30907.101
MinimumVisualStudioVersion = 10.0.40219.1
Project("{FAE04EC0-301F-11D3-BF4B-00C04F79EFBC}") = "nagek_cup_2021", "nagek_cup_2021\nagek_cup_2021.csproj", "{6CD90FC1-2004-4EA8-AF6E-8A5AE3E25C8E}"
EndProject
Global
	GlobalSection(SolutionConfigurationPlatforms) = preSolution
		Debug|Any CPU = Debug|Any CPU
		Release|Any CPU = Release|Any CPU
	EndGlobalSection
	GlobalSection(ProjectConfigurationPlatforms) = postSolution
		{6CD90FC1-2004-4EA8-AF6E-8A5AE3E25C8E}.Debug|Any CPU.ActiveCfg = Debug|Any CPU
		{6CD90FC1-2004-4EA8-AF6E-8A5AE3E25C8E}.Debug|Any CPU.Build.0 = Debug|Any CPU
		{6CD90FC1-2004-4EA8-AF6E-8A5AE3E25C8E}.Release|Any CPU.ActiveCfg = Release|Any CPU
		{6CD90FC1-2004-4EA8-AF6E-8A5AE3E25C8E}.Release|Any CPU.Build.0 = Release|Any CPU
	EndGlobalSection
	GlobalSection(SolutionProperties) = preSolution
		HideSolutionNode = FALSE
	EndGlobalSection
	GlobalSection(ExtensibilityGlobals) = postSolution
		SolutionGuid = {266F48FE-3313-44E2-8B50-1788979DB882}
	EndGlobalSection
EndGlobal
